{
  "nodes": {
    "ate-pairing": {
      "flake": false,
      "locked": {
        "lastModified": 1499347915,
        "narHash": "sha256-IMfWgKkkX7UcUaOPtGRcYD8MdVEP5Z9JOOSJ4+P07G8=",
        "owner": "herumi",
        "repo": "ate-pairing",
        "rev": "e69890125746cdaf25b5b51227d96678f76479fe",
        "type": "github"
      },
      "original": {
        "owner": "herumi",
        "repo": "ate-pairing",
        "rev": "e69890125746cdaf25b5b51227d96678f76479fe",
        "type": "github"
      }
    },
    "cpp-httplib": {
      "flake": false,
      "locked": {
        "lastModified": 1595279716,
        "narHash": "sha256-cZW/iEwlaB4UQ0OQLNqboY9addncIM/OsxxPzqmATmE=",
        "owner": "yhirose",
        "repo": "cpp-httplib",
        "rev": "72ce293fed9f9335e92c95ab7d085feed18c0ee8",
        "type": "github"
      },
      "original": {
        "owner": "yhirose",
        "repo": "cpp-httplib",
        "rev": "72ce293fed9f9335e92c95ab7d085feed18c0ee8",
        "type": "github"
      }
    },
    "cryptopp": {
      "flake": false,
      "locked": {
        "lastModified": 1632484127,
        "narHash": "sha256-a3TYaK34WvKEXN7LKAfGwQ3ZL6a3k/zMZyyVfnkQqO4=",
        "owner": "weidai11",
        "repo": "cryptopp",
        "rev": "69bf6b53052b59ccb57ce068ce741988ae087317",
        "type": "github"
      },
      "original": {
        "owner": "weidai11",
        "repo": "cryptopp",
        "rev": "69bf6b53052b59ccb57ce068ce741988ae087317",
        "type": "github"
      }
    },
    "flake-utils": {
      "inputs": {
        "systems": "systems"
      },
      "locked": {
        "lastModified": 1710146030,
        "narHash": "sha256-SZ5L6eA7HJ/nmkzGG7/ISclqe6oZdOZTNoesiInkXPQ=",
        "owner": "numtide",
        "repo": "flake-utils",
        "rev": "b1d9ab70662946ef0850d488da1c9019f3a9752a",
        "type": "github"
      },
      "original": {
        "owner": "numtide",
        "repo": "flake-utils",
        "type": "github"
      }
    },
    "libff": {
      "flake": false,
      "locked": {
        "lastModified": 1588032522,
        "narHash": "sha256-I0kH2XLvHDSrdL/o4i6XozWQJV0UDv9zH6+sWS0UQHg=",
        "owner": "scipr-lab",
        "repo": "libff",
        "rev": "5835b8c59d4029249645cf551f417608c48f2770",
        "type": "github"
      },
      "original": {
        "owner": "scipr-lab",
        "repo": "libff",
        "rev": "5835b8c59d4029249645cf551f417608c48f2770",
        "type": "github"
      }
    },
    "nixpkgs": {
      "locked": {
        "lastModified": 1659446231,
        "narHash": "sha256-hekabNdTdgR/iLsgce5TGWmfIDZ86qjPhxDg/8TlzhE=",
        "owner": "NixOS",
        "repo": "nixpkgs",
        "rev": "eabc38219184cc3e04a974fe31857d8e0eac098d",
        "type": "github"
      },
      "original": {
        "id": "nixpkgs",
        "ref": "nixos-21.11",
        "type": "indirect"
      }
    },
    "root": {
      "inputs": {
        "ate-pairing": "ate-pairing",
        "cpp-httplib": "cpp-httplib",
        "cryptopp": "cryptopp",
        "flake-utils": "flake-utils",
        "libff": "libff",
        "nixpkgs": "nixpkgs",
        "xbyak": "xbyak"
      }
    },
    "systems": {
      "locked": {
        "lastModified": 1681028828,
        "narHash": "sha256-Vy1rq5AaRuLzOxct8nz4T6wlgyUR7zLU309k9mBC768=",
        "owner": "nix-systems",
        "repo": "default",
        "rev": "da67096a3b9bf56a91d16901293e51ba5b49a27e",
        "type": "github"
      },
      "original": {
        "owner": "nix-systems",
        "repo": "default",
        "type": "github"
      }
    },
    "xbyak": {
      "flake": false,
      "locked": {
        "lastModified": 1518572786,
        "narHash": "sha256-jqDSNDcqK7010ig941hrJFkv1X7MbgXmhPOOE9wHmho=",
        "owner": "herumi",
        "repo": "xbyak",
        "rev": "f0a8f7faa27121f28186c2a7f4222a9fc66c283d",
        "type": "github"
      },
      "original": {
        "owner": "herumi",
        "repo": "xbyak",
        "rev": "f0a8f7faa27121f28186c2a7f4222a9fc66c283d",
        "type": "github"
      }
    }
  },
  "root": "root",
  "version": 7
}
